
Microsoft Visual Studio Solution File, Format Version 12.00
# Visual Studio Version 16
VisualStudioVersion = 16.0.31105.61
MinimumVisualStudioVersion = 10.0.40219.1
Project("{888888A0-9F3D-457C-B088-3A5042F75D52}") = "Number_of_digits", "Number_of_digits\Number_of_digits.pyproj", "{74115BBA-92BB-4706-AFA6-7BF0140EE622}"
EndProject
Project("{888888A0-9F3D-457C-B088-3A5042F75D52}") = "Two_numbers", "Two_numbers\Two_numbers.pyproj", "{9B3E658A-8C91-47D6-B762-59273CE37084}"
EndProject
Project("{888888A0-9F3D-457C-B088-3A5042F75D52}") = "List_numbers", "List_numbers\List_numbers.pyproj", "{840F8ECD-DA7B-4777-A879-CD2E49EA6B4E}"
EndProject
Global
	GlobalSection(SolutionConfigurationPlatforms) = preSolution
		Debug|Any CPU = Debug|Any CPU
		Release|Any CPU = Release|Any CPU
	EndGlobalSection
	GlobalSection(ProjectConfigurationPlatforms) = postSolution
		{74115BBA-92BB-4706-AFA6-7BF0140EE622}.Debug|Any CPU.ActiveCfg = Debug|Any CPU
		{74115BBA-92BB-4706-AFA6-7BF0140EE622}.Release|Any CPU.ActiveCfg = Release|Any CPU
		{9B3E658A-8C91-47D6-B762-59273CE37084}.Debug|Any CPU.ActiveCfg = Debug|Any CPU
		{9B3E658A-8C91-47D6-B762-59273CE37084}.Release|Any CPU.ActiveCfg = Release|Any CPU
		{840F8ECD-DA7B-4777-A879-CD2E49EA6B4E}.Debug|Any CPU.ActiveCfg = Debug|Any CPU
		{840F8ECD-DA7B-4777-A879-CD2E49EA6B4E}.Release|Any CPU.ActiveCfg = Release|Any CPU
	EndGlobalSection
	GlobalSection(SolutionProperties) = preSolution
		HideSolutionNode = FALSE
	EndGlobalSection
	GlobalSection(ExtensibilityGlobals) = postSolution
		SolutionGuid = {B1BE5685-E903-4CB1-BC7F-EA2988957535}
	EndGlobalSection
EndGlobal
